
Microsoft Visual Studio Solution File, Format Version 12.00
# Visual Studio Version 17
VisualStudioVersion = 17.14.36121.58 d17.14
MinimumVisualStudioVersion = 10.0.40219.1
Project("{FAE04EC0-301F-11D3-BF4B-00C04F79EFBC}") = "ColorTrack", "ColorTrack\ColorTrack.csproj", "{B3BBF9D9-0D46-43FE-A62A-78FCB9FAA4B4}"
EndProject
Global
	GlobalSection(SolutionConfigurationPlatforms) = preSolution
		Debug|Any CPU = Debug|Any CPU
		Release|Any CPU = Release|Any CPU
	EndGlobalSection
	GlobalSection(ProjectConfigurationPlatforms) = postSolution
		{B3BBF9D9-0D46-43FE-A62A-78FCB9FAA4B4}.Debug|Any CPU.ActiveCfg = Debug|Any CPU
		{B3BBF9D9-0D46-43FE-A62A-78FCB9FAA4B4}.Debug|Any CPU.Build.0 = Debug|Any CPU
		{B3BBF9D9-0D46-43FE-A62A-78FCB9FAA4B4}.Release|Any CPU.ActiveCfg = Release|Any CPU
		{B3BBF9D9-0D46-43FE-A62A-78FCB9FAA4B4}.Release|Any CPU.Build.0 = Release|Any CPU
	EndGlobalSection
	GlobalSection(SolutionProperties) = preSolution
		HideSolutionNode = FALSE
	EndGlobalSection
	GlobalSection(ExtensibilityGlobals) = postSolution
		SolutionGuid = {03E928B8-2CA4-4A2F-BD58-29D34CF8C926}
	EndGlobalSection
EndGlobal
